
Microsoft Visual Studio Solution File, Format Version 12.00
# Visual Studio Version 17
VisualStudioVersion = 17.10.35027.167
MinimumVisualStudioVersion = 10.0.40219.1
Project("{FAE04EC0-301F-11D3-BF4B-00C04F79EFBC}") = "QueuingSystem", "QueuingSystem\QueuingSystem.csproj", "{F16A250D-0285-4340-84DD-39F68C0EC128}"
EndProject
Global
	GlobalSection(SolutionConfigurationPlatforms) = preSolution
		Debug|Any CPU = Debug|Any CPU
		Release|Any CPU = Release|Any CPU
	EndGlobalSection
	GlobalSection(ProjectConfigurationPlatforms) = postSolution
		{F16A250D-0285-4340-84DD-39F68C0EC128}.Debug|Any CPU.ActiveCfg = Debug|Any CPU
		{F16A250D-0285-4340-84DD-39F68C0EC128}.Debug|Any CPU.Build.0 = Debug|Any CPU
		{F16A250D-0285-4340-84DD-39F68C0EC128}.Release|Any CPU.ActiveCfg = Release|Any CPU
		{F16A250D-0285-4340-84DD-39F68C0EC128}.Release|Any CPU.Build.0 = Release|Any CPU
	EndGlobalSection
	GlobalSection(SolutionProperties) = preSolution
		HideSolutionNode = FALSE
	EndGlobalSection
	GlobalSection(ExtensibilityGlobals) = postSolution
		SolutionGuid = {57E549AA-890A-401A-8AA8-98CE840B905C}
	EndGlobalSection
EndGlobal
