
Microsoft Visual Studio Solution File, Format Version 12.00
# Visual Studio Version 17
VisualStudioVersion = 17.9.34622.214
MinimumVisualStudioVersion = 10.0.40219.1
Project("{FAE04EC0-301F-11D3-BF4B-00C04F79EFBC}") = "CashierApplication", "CashierApplication\CashierApplication.csproj", "{1B764F64-C4C3-4EA4-8397-8F458B43AF3C}"
EndProject
Global
	GlobalSection(SolutionConfigurationPlatforms) = preSolution
		Debug|Any CPU = Debug|Any CPU
		Release|Any CPU = Release|Any CPU
	EndGlobalSection
	GlobalSection(ProjectConfigurationPlatforms) = postSolution
		{1B764F64-C4C3-4EA4-8397-8F458B43AF3C}.Debug|Any CPU.ActiveCfg = Debug|Any CPU
		{1B764F64-C4C3-4EA4-8397-8F458B43AF3C}.Debug|Any CPU.Build.0 = Debug|Any CPU
		{1B764F64-C4C3-4EA4-8397-8F458B43AF3C}.Release|Any CPU.ActiveCfg = Release|Any CPU
		{1B764F64-C4C3-4EA4-8397-8F458B43AF3C}.Release|Any CPU.Build.0 = Release|Any CPU
	EndGlobalSection
	GlobalSection(SolutionProperties) = preSolution
		HideSolutionNode = FALSE
	EndGlobalSection
	GlobalSection(ExtensibilityGlobals) = postSolution
		SolutionGuid = {843F8949-F513-4E8B-BC2E-F10649D22F4B}
	EndGlobalSection
EndGlobal
